
Microsoft Visual Studio Solution File, Format Version 12.00
# Visual Studio Version 16
VisualStudioVersion = 16.0.30717.126
MinimumVisualStudioVersion = 10.0.40219.1
Project("{FAE04EC0-301F-11D3-BF4B-00C04F79EFBC}") = "WatchTower_V1", "WatchTower_V1\WatchTower_V1.csproj", "{8DC16256-FB34-46E5-BE62-6A17AE12D680}"
EndProject
Global
	GlobalSection(SolutionConfigurationPlatforms) = preSolution
		Debug|Any CPU = Debug|Any CPU
		Release|Any CPU = Release|Any CPU
	EndGlobalSection
	GlobalSection(ProjectConfigurationPlatforms) = postSolution
		{8DC16256-FB34-46E5-BE62-6A17AE12D680}.Debug|Any CPU.ActiveCfg = Debug|Any CPU
		{8DC16256-FB34-46E5-BE62-6A17AE12D680}.Debug|Any CPU.Build.0 = Debug|Any CPU
		{8DC16256-FB34-46E5-BE62-6A17AE12D680}.Release|Any CPU.ActiveCfg = Release|Any CPU
		{8DC16256-FB34-46E5-BE62-6A17AE12D680}.Release|Any CPU.Build.0 = Release|Any CPU
	EndGlobalSection
	GlobalSection(SolutionProperties) = preSolution
		HideSolutionNode = FALSE
	EndGlobalSection
	GlobalSection(ExtensibilityGlobals) = postSolution
		SolutionGuid = {5D86952C-6F9F-439B-B75D-0871D3BF6A95}
	EndGlobalSection
EndGlobal
